
Microsoft Visual Studio Solution File, Format Version 12.00
# Visual Studio Version 17
VisualStudioVersion = 17.9.34701.34
MinimumVisualStudioVersion = 10.0.40219.1
Project("{FAE04EC0-301F-11D3-BF4B-00C04F79EFBC}") = "BletchleyShark.Encryption.API", "BletchleyShark.Encryption.API.csproj", "{6BD12E0E-A423-410C-AFE4-F67B22CA1562}"
EndProject
Project("{2150E333-8FDC-42A3-9474-1A3956D46DE8}") = "Presentation", "Presentation", "{59F43725-DCAC-47C5-895E-75CBF2B67675}"
EndProject
Project("{2150E333-8FDC-42A3-9474-1A3956D46DE8}") = "Application", "Application", "{9382AE81-7F77-4291-A70F-4F1A4CE7DC0D}"
EndProject
Project("{FAE04EC0-301F-11D3-BF4B-00C04F79EFBC}") = "BletchleyShark.Encryption.Application", "..\BletchleyShark.Encryption.Application\BletchleyShark.Encryption.Application.csproj", "{2D097E0A-BA1C-485A-9AF5-0ACD52F774CD}"
EndProject
Project("{2150E333-8FDC-42A3-9474-1A3956D46DE8}") = "Core", "Core", "{0A554519-5B17-4EB4-851D-048F66BCE1F8}"
EndProject
Project("{FAE04EC0-301F-11D3-BF4B-00C04F79EFBC}") = "BletchleyShark.Encryption.Domain", "..\BletchleyShark.Encryption.Core\BletchleyShark.Encryption.Domain.csproj", "{F46C0696-7989-43AD-9939-1E172AFF72A2}"
EndProject
Global
	GlobalSection(SolutionConfigurationPlatforms) = preSolution
		Debug|Any CPU = Debug|Any CPU
		Release|Any CPU = Release|Any CPU
	EndGlobalSection
	GlobalSection(ProjectConfigurationPlatforms) = postSolution
		{6BD12E0E-A423-410C-AFE4-F67B22CA1562}.Debug|Any CPU.ActiveCfg = Debug|Any CPU
		{6BD12E0E-A423-410C-AFE4-F67B22CA1562}.Debug|Any CPU.Build.0 = Debug|Any CPU
		{6BD12E0E-A423-410C-AFE4-F67B22CA1562}.Release|Any CPU.ActiveCfg = Release|Any CPU
		{6BD12E0E-A423-410C-AFE4-F67B22CA1562}.Release|Any CPU.Build.0 = Release|Any CPU
		{2D097E0A-BA1C-485A-9AF5-0ACD52F774CD}.Debug|Any CPU.ActiveCfg = Debug|Any CPU
		{2D097E0A-BA1C-485A-9AF5-0ACD52F774CD}.Debug|Any CPU.Build.0 = Debug|Any CPU
		{2D097E0A-BA1C-485A-9AF5-0ACD52F774CD}.Release|Any CPU.ActiveCfg = Release|Any CPU
		{2D097E0A-BA1C-485A-9AF5-0ACD52F774CD}.Release|Any CPU.Build.0 = Release|Any CPU
		{F46C0696-7989-43AD-9939-1E172AFF72A2}.Debug|Any CPU.ActiveCfg = Debug|Any CPU
		{F46C0696-7989-43AD-9939-1E172AFF72A2}.Debug|Any CPU.Build.0 = Debug|Any CPU
		{F46C0696-7989-43AD-9939-1E172AFF72A2}.Release|Any CPU.ActiveCfg = Release|Any CPU
		{F46C0696-7989-43AD-9939-1E172AFF72A2}.Release|Any CPU.Build.0 = Release|Any CPU
	EndGlobalSection
	GlobalSection(SolutionProperties) = preSolution
		HideSolutionNode = FALSE
	EndGlobalSection
	GlobalSection(NestedProjects) = preSolution
		{6BD12E0E-A423-410C-AFE4-F67B22CA1562} = {59F43725-DCAC-47C5-895E-75CBF2B67675}
		{2D097E0A-BA1C-485A-9AF5-0ACD52F774CD} = {9382AE81-7F77-4291-A70F-4F1A4CE7DC0D}
		{F46C0696-7989-43AD-9939-1E172AFF72A2} = {0A554519-5B17-4EB4-851D-048F66BCE1F8}
	EndGlobalSection
	GlobalSection(ExtensibilityGlobals) = postSolution
		SolutionGuid = {AA7A2E77-F973-40F9-8721-DE921EC91EE1}
	EndGlobalSection
EndGlobal
